{
  "name": "interactivity-api-standalone",
  "version": "1.0.0",
  "lockfileVersion": 3,
  "requires": true,
  "packages": {
    "": {
      "name": "interactivity-api-standalone",
      "version": "1.0.0",
      "license": "ISC",
      "dependencies": {
        "@wordpress/interactivity": "^6.0.0"
      }
    },
    "node_modules/@preact/signals": {
      "version": "1.2.3",
      "resolved": "https://registry.npmjs.org/@preact/signals/-/signals-1.2.3.tgz",
      "integrity": "sha512-M2DXse3Wi8HwjI1d2vQWOLJ3lHogvqTsJYvl4ofXRXgMFQzJ7kmlZvlt5i8x5S5VwgZu0ghru4HkLqOoFfU2JQ==",
      "dependencies": {
        "@preact/signals-core": "^1.6.0"
      },
      "funding": {
        "type": "opencollective",
        "url": "https://opencollective.com/preact"
      },
      "peerDependencies": {
        "preact": "10.x"
      }
    },
    "node_modules/@preact/signals-core": {
      "version": "1.6.0",
      "resolved": "https://registry.npmjs.org/@preact/signals-core/-/signals-core-1.6.0.tgz",
      "integrity": "sha512-O/XGxwP85h1F7+ouqTMOIZ3+V1whfaV9ToIVcuyGriD4JkSD00cQo54BKdqjvBJxbenvp7ynfqRHEwI6e+NIhw==",
      "funding": {
        "type": "opencollective",
        "url": "https://opencollective.com/preact"
      }
    },
    "node_modules/@wordpress/interactivity": {
      "version": "6.0.0",
      "resolved": "https://registry.npmjs.org/@wordpress/interactivity/-/interactivity-6.0.0.tgz",
      "integrity": "sha512-s86Bj54jaUpY6lvwAqLLI7H9DhpYC470Rv0kEigL0S1bwtejOUE4diftSRbp4RGt2aFiDtPE3tlQihVUzf2e6A==",
      "dependencies": {
        "@preact/signals": "^1.2.2",
        "deepsignal": "^1.4.0",
        "preact": "^10.19.3"
      },
      "engines": {
        "node": ">=18.12.0",
        "npm": ">=8.19.2"
      }
    },
    "node_modules/deepsignal": {
      "version": "1.5.0",
      "resolved": "https://registry.npmjs.org/deepsignal/-/deepsignal-1.5.0.tgz",
      "integrity": "sha512-bFywDpBUUWMs576H2dgLFLLFuQ/UWXbzHfKD98MZTfGsl7+twIzvz4ihCNrRrZ/Emz3kqJaNIAp5eBWUEWhnAw==",
      "peerDependencies": {
        "@preact/signals": "^1.1.4",
        "@preact/signals-core": "^1.5.1",
        "@preact/signals-react": "^1.3.8 || ^2.0.0",
        "preact": "^10.16.0"
      },
      "peerDependenciesMeta": {
        "@preact/signals": {
          "optional": true
        },
        "@preact/signals-core": {
          "optional": true
        },
        "@preact/signals-react": {
          "optional": true
        },
        "preact": {
          "optional": true
        }
      }
    },
    "node_modules/preact": {
      "version": "10.22.0",
      "resolved": "https://registry.npmjs.org/preact/-/preact-10.22.0.tgz",
      "integrity": "sha512-RRurnSjJPj4rp5K6XoP45Ui33ncb7e4H7WiOHVpjbkvqvA3U+N8Z6Qbo0AE6leGYBV66n8EhEaFixvIu3SkxFw==",
      "funding": {
        "type": "opencollective",
        "url": "https://opencollective.com/preact"
      }
    }
  }
}
